
Microsoft Visual Studio Solution File, Format Version 12.00
# Visual Studio Version 17
VisualStudioVersion = 17.2.32526.322
MinimumVisualStudioVersion = 10.0.40219.1
Project("{8BC9CEB8-8B4A-11D0-8D11-00A0C91BC942}") = "BomberSUS", "BomberSUS\BomberSUS.vcxproj", "{96B1E3B4-3C47-4638-B2D4-91141826E45D}"
EndProject
Global
	GlobalSection(SolutionConfigurationPlatforms) = preSolution
		Debug|x64 = Debug|x64
		Debug|x86 = Debug|x86
		Release|x64 = Release|x64
		Release|x86 = Release|x86
	EndGlobalSection
	GlobalSection(ProjectConfigurationPlatforms) = postSolution
		{96B1E3B4-3C47-4638-B2D4-91141826E45D}.Debug|x64.ActiveCfg = Debug|x64
		{96B1E3B4-3C47-4638-B2D4-91141826E45D}.Debug|x64.Build.0 = Debug|x64
		{96B1E3B4-3C47-4638-B2D4-91141826E45D}.Debug|x86.ActiveCfg = Debug|Win32
		{96B1E3B4-3C47-4638-B2D4-91141826E45D}.Debug|x86.Build.0 = Debug|Win32
		{96B1E3B4-3C47-4638-B2D4-91141826E45D}.Release|x64.ActiveCfg = Release|x64
		{96B1E3B4-3C47-4638-B2D4-91141826E45D}.Release|x64.Build.0 = Release|x64
		{96B1E3B4-3C47-4638-B2D4-91141826E45D}.Release|x86.ActiveCfg = Release|Win32
		{96B1E3B4-3C47-4638-B2D4-91141826E45D}.Release|x86.Build.0 = Release|Win32
	EndGlobalSection
	GlobalSection(SolutionProperties) = preSolution
		HideSolutionNode = FALSE
	EndGlobalSection
	GlobalSection(ExtensibilityGlobals) = postSolution
		SolutionGuid = {ECA7E106-6306-4D30-8237-B5DA28684601}
	EndGlobalSection
EndGlobal
